
Microsoft Visual Studio Solution File, Format Version 12.00
# Visual Studio Version 17
VisualStudioVersion = 17.0.31903.59
MinimumVisualStudioVersion = 10.0.40219.1
Project("{FAE04EC0-301F-11D3-BF4B-00C04F79EFBC}") = "EState-360.Core", "EState-360.Core\EState-360.Core.csproj", "{9A5B6737-693E-4234-AE43-504ECF5EA17D}"
EndProject
Project("{FAE04EC0-301F-11D3-BF4B-00C04F79EFBC}") = "EState-360.Infrastructure", "EState-360.Infrastructure\EState-360.Infrastructure.csproj", "{50C920E3-4512-406A-83DF-A04DFB9740EE}"
EndProject
Project("{FAE04EC0-301F-11D3-BF4B-00C04F79EFBC}") = "EState-360.Web-API", "EState-360.Web-API\EState-360.Web-API.csproj", "{251376BE-9BDE-4392-9C94-A35BCE3271E0}"
EndProject
Global
	GlobalSection(SolutionConfigurationPlatforms) = preSolution
		Debug|Any CPU = Debug|Any CPU
		Release|Any CPU = Release|Any CPU
	EndGlobalSection
	GlobalSection(SolutionProperties) = preSolution
		HideSolutionNode = FALSE
	EndGlobalSection
	GlobalSection(ProjectConfigurationPlatforms) = postSolution
		{9A5B6737-693E-4234-AE43-504ECF5EA17D}.Debug|Any CPU.ActiveCfg = Debug|Any CPU
		{9A5B6737-693E-4234-AE43-504ECF5EA17D}.Debug|Any CPU.Build.0 = Debug|Any CPU
		{9A5B6737-693E-4234-AE43-504ECF5EA17D}.Release|Any CPU.ActiveCfg = Release|Any CPU
		{9A5B6737-693E-4234-AE43-504ECF5EA17D}.Release|Any CPU.Build.0 = Release|Any CPU
		{50C920E3-4512-406A-83DF-A04DFB9740EE}.Debug|Any CPU.ActiveCfg = Debug|Any CPU
		{50C920E3-4512-406A-83DF-A04DFB9740EE}.Debug|Any CPU.Build.0 = Debug|Any CPU
		{50C920E3-4512-406A-83DF-A04DFB9740EE}.Release|Any CPU.ActiveCfg = Release|Any CPU
		{50C920E3-4512-406A-83DF-A04DFB9740EE}.Release|Any CPU.Build.0 = Release|Any CPU
		{251376BE-9BDE-4392-9C94-A35BCE3271E0}.Debug|Any CPU.ActiveCfg = Debug|Any CPU
		{251376BE-9BDE-4392-9C94-A35BCE3271E0}.Debug|Any CPU.Build.0 = Debug|Any CPU
		{251376BE-9BDE-4392-9C94-A35BCE3271E0}.Release|Any CPU.ActiveCfg = Release|Any CPU
		{251376BE-9BDE-4392-9C94-A35BCE3271E0}.Release|Any CPU.Build.0 = Release|Any CPU
	EndGlobalSection
EndGlobal
